<?xml version="1.0" encoding="utf-8"?>
<Project ToolsVersion="4.0" xmlns="http://schemas.microsoft.com/developer/msbuild/2003">
  <ItemGroup>
    <Filter Include="XBai">
      <UniqueIdentifier>{89768E7C-75AD-8F0D-1E9A-75100AB00B0F}</UniqueIdentifier>
    </Filter>
    <Filter Include="XBai\Events">
      <UniqueIdentifier>{4D4E9EA3-B903-1799-42F8-1070AEAC0D9D}</UniqueIdentifier>
    </Filter>
    <Filter Include="XBai\ImGui">
      <UniqueIdentifier>{73EE012C-5FA6-4379-C8AD-1CD5B484DE69}</UniqueIdentifier>
    </Filter>
    <Filter Include="XBai\Platform">
      <UniqueIdentifier>{FD1C8920-69DD-0457-3218-4ED49E974933}</UniqueIdentifier>
    </Filter>
    <Filter Include="XBai\Platform\OpenGL">
      <UniqueIdentifier>{91A71D9F-7D36-A768-2655-BB6312C3B70E}</UniqueIdentifier>
    </Filter>
    <Filter Include="XBai\Platform\Windows">
      <UniqueIdentifier>{3774EEDA-A3E0-A9D5-6CD4-4133D8FFCB3D}</UniqueIdentifier>
    </Filter>
  </ItemGroup>
  <ItemGroup>
    <ClInclude Include="src\XBai.h" />
    <ClInclude Include="src\XBai\Application.h">
      <Filter>XBai</Filter>
    </ClInclude>
    <ClInclude Include="src\XBai\Core.h">
      <Filter>XBai</Filter>
    </ClInclude>
    <ClInclude Include="src\XBai\EntryPoint.h">
      <Filter>XBai</Filter>
    </ClInclude>
    <ClInclude Include="src\XBai\Events\ApplicationEvent.h">
      <Filter>XBai\Events</Filter>
    </ClInclude>
    <ClInclude Include="src\XBai\Events\Event.h">
      <Filter>XBai\Events</Filter>
    </ClInclude>
    <ClInclude Include="src\XBai\Events\KeyEvent.h">
      <Filter>XBai\Events</Filter>
    </ClInclude>
    <ClInclude Include="src\XBai\Events\MouseEvent.h">
      <Filter>XBai\Events</Filter>
    </ClInclude>
    <ClInclude Include="src\XBai\ImGui\ImGuiLayer.h">
      <Filter>XBai\ImGui</Filter>
    </ClInclude>
    <ClInclude Include="src\XBai\Layer.h">
      <Filter>XBai</Filter>
    </ClInclude>
    <ClInclude Include="src\XBai\LayerStack.h">
      <Filter>XBai</Filter>
    </ClInclude>
    <ClInclude Include="src\XBai\Log.h">
      <Filter>XBai</Filter>
    </ClInclude>
    <ClInclude Include="src\XBai\Platform\OpenGL\ImGuiOpenGLRender.h">
      <Filter>XBai\Platform\OpenGL</Filter>
    </ClInclude>
    <ClInclude Include="src\XBai\Platform\Windows\WindowsWindow.h">
      <Filter>XBai\Platform\Windows</Filter>
    </ClInclude>
    <ClInclude Include="src\XBai\Window.h">
      <Filter>XBai</Filter>
    </ClInclude>
    <ClInclude Include="src\xbpch.h" />
  </ItemGroup>
  <ItemGroup>
    <ClCompile Include="src\XBai\Application.cpp">
      <Filter>XBai</Filter>
    </ClCompile>
    <ClCompile Include="src\XBai\ImGui\ImGuiLayer.cpp">
      <Filter>XBai\ImGui</Filter>
    </ClCompile>
    <ClCompile Include="src\XBai\Layer.cpp">
      <Filter>XBai</Filter>
    </ClCompile>
    <ClCompile Include="src\XBai\LayerStack.cpp">
      <Filter>XBai</Filter>
    </ClCompile>
    <ClCompile Include="src\XBai\Log.cpp">
      <Filter>XBai</Filter>
    </ClCompile>
    <ClCompile Include="src\XBai\Platform\OpenGL\ImGuiOpenGLRender.cpp">
      <Filter>XBai\Platform\OpenGL</Filter>
    </ClCompile>
    <ClCompile Include="src\XBai\Platform\Windows\WindowsWindow.cpp">
      <Filter>XBai\Platform\Windows</Filter>
    </ClCompile>
    <ClCompile Include="src\xbpch.cpp" />
  </ItemGroup>
</Project>